
Microsoft Visual Studio Solution File, Format Version 12.00
Project("{FAE04EC0-301F-11D3-BF4B-00C04F79EFBC}") = "VRCFT2CVR", "VRCFT2CVR\VRCFT2CVR.csproj", "{C456F0A1-402B-4C3A-8ACA-554D9AEE2C89}"
EndProject
Global
	GlobalSection(SolutionConfigurationPlatforms) = preSolution
		Debug|Any CPU = Debug|Any CPU
		Release|Any CPU = Release|Any CPU
	EndGlobalSection
	GlobalSection(ProjectConfigurationPlatforms) = postSolution
		{C456F0A1-402B-4C3A-8ACA-554D9AEE2C89}.Debug|Any CPU.ActiveCfg = Debug|Any CPU
		{C456F0A1-402B-4C3A-8ACA-554D9AEE2C89}.Debug|Any CPU.Build.0 = Debug|Any CPU
		{C456F0A1-402B-4C3A-8ACA-554D9AEE2C89}.Release|Any CPU.ActiveCfg = Release|Any CPU
		{C456F0A1-402B-4C3A-8ACA-554D9AEE2C89}.Release|Any CPU.Build.0 = Release|Any CPU
	EndGlobalSection
EndGlobal
